
Microsoft Visual Studio Solution File, Format Version 12.00
# Visual Studio 15
VisualStudioVersion = 15.0.26403.7
MinimumVisualStudioVersion = 10.0.40219.1
Project("{FAE04EC0-301F-11D3-BF4B-00C04F79EFBC}") = "PracticaExamen", "PracticaExamen\PracticaExamen.csproj", "{3106BAC2-8320-443F-A6B7-5FB3B2DE36DE}"
EndProject
Project("{FAE04EC0-301F-11D3-BF4B-00C04F79EFBC}") = "BS", "BS\BS.csproj", "{DFEDD943-0A51-4C0E-8100-D3E90E8126C8}"
EndProject
Project("{FAE04EC0-301F-11D3-BF4B-00C04F79EFBC}") = "DAL", "DAL\DAL.csproj", "{11573322-3639-4F39-B35D-B28A81480D5E}"
EndProject
Project("{FAE04EC0-301F-11D3-BF4B-00C04F79EFBC}") = "DO", "DO\DO.csproj", "{C8D8DB3C-1A79-4E73-829E-9BA2B505B706}"
EndProject
Project("{2150E333-8FDC-42A3-9474-1A3956D46DE8}") = "sql", "sql", "{EE5625F3-A97A-4EEE-9D1D-E629AD7B4C19}"
	ProjectSection(SolutionItems) = preProject
		SQL Scripts.txt = SQL Scripts.txt
	EndProjectSection
EndProject
Global
	GlobalSection(SolutionConfigurationPlatforms) = preSolution
		Debug|Any CPU = Debug|Any CPU
		Release|Any CPU = Release|Any CPU
	EndGlobalSection
	GlobalSection(ProjectConfigurationPlatforms) = postSolution
		{3106BAC2-8320-443F-A6B7-5FB3B2DE36DE}.Debug|Any CPU.ActiveCfg = Debug|Any CPU
		{3106BAC2-8320-443F-A6B7-5FB3B2DE36DE}.Debug|Any CPU.Build.0 = Debug|Any CPU
		{3106BAC2-8320-443F-A6B7-5FB3B2DE36DE}.Release|Any CPU.ActiveCfg = Release|Any CPU
		{3106BAC2-8320-443F-A6B7-5FB3B2DE36DE}.Release|Any CPU.Build.0 = Release|Any CPU
		{DFEDD943-0A51-4C0E-8100-D3E90E8126C8}.Debug|Any CPU.ActiveCfg = Debug|Any CPU
		{DFEDD943-0A51-4C0E-8100-D3E90E8126C8}.Debug|Any CPU.Build.0 = Debug|Any CPU
		{DFEDD943-0A51-4C0E-8100-D3E90E8126C8}.Release|Any CPU.ActiveCfg = Release|Any CPU
		{DFEDD943-0A51-4C0E-8100-D3E90E8126C8}.Release|Any CPU.Build.0 = Release|Any CPU
		{11573322-3639-4F39-B35D-B28A81480D5E}.Debug|Any CPU.ActiveCfg = Debug|Any CPU
		{11573322-3639-4F39-B35D-B28A81480D5E}.Debug|Any CPU.Build.0 = Debug|Any CPU
		{11573322-3639-4F39-B35D-B28A81480D5E}.Release|Any CPU.ActiveCfg = Release|Any CPU
		{11573322-3639-4F39-B35D-B28A81480D5E}.Release|Any CPU.Build.0 = Release|Any CPU
		{C8D8DB3C-1A79-4E73-829E-9BA2B505B706}.Debug|Any CPU.ActiveCfg = Debug|Any CPU
		{C8D8DB3C-1A79-4E73-829E-9BA2B505B706}.Debug|Any CPU.Build.0 = Debug|Any CPU
		{C8D8DB3C-1A79-4E73-829E-9BA2B505B706}.Release|Any CPU.ActiveCfg = Release|Any CPU
		{C8D8DB3C-1A79-4E73-829E-9BA2B505B706}.Release|Any CPU.Build.0 = Release|Any CPU
	EndGlobalSection
	GlobalSection(SolutionProperties) = preSolution
		HideSolutionNode = FALSE
	EndGlobalSection
EndGlobal
